
Microsoft Visual Studio Solution File, Format Version 12.00
# Visual Studio Version 17
VisualStudioVersion = 17.8.34601.278
MinimumVisualStudioVersion = 10.0.40219.1
Project("{FAE04EC0-301F-11D3-BF4B-00C04F79EFBC}") = "Semana#4", "Semana#4.csproj", "{C207E25E-9B35-460D-B417-BBFB01B3DABC}"
EndProject
Global
	GlobalSection(SolutionConfigurationPlatforms) = preSolution
		Debug|Any CPU = Debug|Any CPU
		Release|Any CPU = Release|Any CPU
	EndGlobalSection
	GlobalSection(ProjectConfigurationPlatforms) = postSolution
		{C207E25E-9B35-460D-B417-BBFB01B3DABC}.Debug|Any CPU.ActiveCfg = Debug|Any CPU
		{C207E25E-9B35-460D-B417-BBFB01B3DABC}.Debug|Any CPU.Build.0 = Debug|Any CPU
		{C207E25E-9B35-460D-B417-BBFB01B3DABC}.Release|Any CPU.ActiveCfg = Release|Any CPU
		{C207E25E-9B35-460D-B417-BBFB01B3DABC}.Release|Any CPU.Build.0 = Release|Any CPU
	EndGlobalSection
	GlobalSection(SolutionProperties) = preSolution
		HideSolutionNode = FALSE
	EndGlobalSection
	GlobalSection(ExtensibilityGlobals) = postSolution
		SolutionGuid = {D906C1F4-987E-4E8B-9183-FFF014FA07CC}
	EndGlobalSection
EndGlobal
